
Microsoft Visual Studio Solution File, Format Version 12.00
# Visual Studio Version 17
VisualStudioVersion = 17.5.002.0
MinimumVisualStudioVersion = 10.0.40219.1
Project("{9A19103F-16F7-4668-BE54-9A1E7A4F7556}") = "Practico1", "Practico1\Practico1.csproj", "{C32C1CE8-9467-40D6-AB7E-66E15A4DF73F}"
EndProject
Project("{2150E333-8FDC-42A3-9474-1A3956D46DE8}") = "TAREA SEMANA 5", "TAREA SEMANA 5", "{E40CA2AC-040B-4F30-A945-3EAFCA1DCB63}"
EndProject
Project("{9A19103F-16F7-4668-BE54-9A1E7A4F7556}") = "TareaS5", "TAREA SEMANA 5\TareaS5\TareaS5.csproj", "{4E0093F7-C771-4878-BB49-DC2B6048138D}"
EndProject
Project("{9A19103F-16F7-4668-BE54-9A1E7A4F7556}") = "tareaS5-2", "TAREA SEMANA 5\tareaS5-2\tareaS5-2.csproj", "{1D72604C-B434-4DA9-B5F6-726D6432E836}"
EndProject
Project("{9A19103F-16F7-4668-BE54-9A1E7A4F7556}") = "tareaS5-3", "TAREA SEMANA 5\tareaS5-3\tareaS5-3.csproj", "{BBF4D8DB-AECD-4FFC-976E-B99628B3244D}"
EndProject
Project("{9A19103F-16F7-4668-BE54-9A1E7A4F7556}") = "tareaS5-4", "TAREA SEMANA 5\tareaS5-4\tareaS5-4.csproj", "{107E7A04-019E-4E28-A1E7-77004F14827C}"
EndProject
Project("{9A19103F-16F7-4668-BE54-9A1E7A4F7556}") = "tareaS5-5", "TAREA SEMANA 5\tareaS5-5\tareaS5-5.csproj", "{5DF0ACEA-5576-48BF-A71C-73B37E211367}"
EndProject
Global
	GlobalSection(SolutionConfigurationPlatforms) = preSolution
		Debug|Any CPU = Debug|Any CPU
		Release|Any CPU = Release|Any CPU
	EndGlobalSection
	GlobalSection(ProjectConfigurationPlatforms) = postSolution
		{C32C1CE8-9467-40D6-AB7E-66E15A4DF73F}.Debug|Any CPU.ActiveCfg = Debug|Any CPU
		{C32C1CE8-9467-40D6-AB7E-66E15A4DF73F}.Debug|Any CPU.Build.0 = Debug|Any CPU
		{C32C1CE8-9467-40D6-AB7E-66E15A4DF73F}.Release|Any CPU.ActiveCfg = Release|Any CPU
		{C32C1CE8-9467-40D6-AB7E-66E15A4DF73F}.Release|Any CPU.Build.0 = Release|Any CPU
		{4E0093F7-C771-4878-BB49-DC2B6048138D}.Debug|Any CPU.ActiveCfg = Debug|Any CPU
		{4E0093F7-C771-4878-BB49-DC2B6048138D}.Debug|Any CPU.Build.0 = Debug|Any CPU
		{4E0093F7-C771-4878-BB49-DC2B6048138D}.Release|Any CPU.ActiveCfg = Release|Any CPU
		{4E0093F7-C771-4878-BB49-DC2B6048138D}.Release|Any CPU.Build.0 = Release|Any CPU
		{1D72604C-B434-4DA9-B5F6-726D6432E836}.Debug|Any CPU.ActiveCfg = Debug|Any CPU
		{1D72604C-B434-4DA9-B5F6-726D6432E836}.Debug|Any CPU.Build.0 = Debug|Any CPU
		{1D72604C-B434-4DA9-B5F6-726D6432E836}.Release|Any CPU.ActiveCfg = Release|Any CPU
		{1D72604C-B434-4DA9-B5F6-726D6432E836}.Release|Any CPU.Build.0 = Release|Any CPU
		{BBF4D8DB-AECD-4FFC-976E-B99628B3244D}.Debug|Any CPU.ActiveCfg = Debug|Any CPU
		{BBF4D8DB-AECD-4FFC-976E-B99628B3244D}.Debug|Any CPU.Build.0 = Debug|Any CPU
		{BBF4D8DB-AECD-4FFC-976E-B99628B3244D}.Release|Any CPU.ActiveCfg = Release|Any CPU
		{BBF4D8DB-AECD-4FFC-976E-B99628B3244D}.Release|Any CPU.Build.0 = Release|Any CPU
		{107E7A04-019E-4E28-A1E7-77004F14827C}.Debug|Any CPU.ActiveCfg = Debug|Any CPU
		{107E7A04-019E-4E28-A1E7-77004F14827C}.Debug|Any CPU.Build.0 = Debug|Any CPU
		{107E7A04-019E-4E28-A1E7-77004F14827C}.Release|Any CPU.ActiveCfg = Release|Any CPU
		{107E7A04-019E-4E28-A1E7-77004F14827C}.Release|Any CPU.Build.0 = Release|Any CPU
		{5DF0ACEA-5576-48BF-A71C-73B37E211367}.Debug|Any CPU.ActiveCfg = Debug|Any CPU
		{5DF0ACEA-5576-48BF-A71C-73B37E211367}.Debug|Any CPU.Build.0 = Debug|Any CPU
		{5DF0ACEA-5576-48BF-A71C-73B37E211367}.Release|Any CPU.ActiveCfg = Release|Any CPU
		{5DF0ACEA-5576-48BF-A71C-73B37E211367}.Release|Any CPU.Build.0 = Release|Any CPU
	EndGlobalSection
	GlobalSection(SolutionProperties) = preSolution
		HideSolutionNode = FALSE
	EndGlobalSection
	GlobalSection(NestedProjects) = preSolution
		{4E0093F7-C771-4878-BB49-DC2B6048138D} = {E40CA2AC-040B-4F30-A945-3EAFCA1DCB63}
		{1D72604C-B434-4DA9-B5F6-726D6432E836} = {E40CA2AC-040B-4F30-A945-3EAFCA1DCB63}
		{BBF4D8DB-AECD-4FFC-976E-B99628B3244D} = {E40CA2AC-040B-4F30-A945-3EAFCA1DCB63}
		{107E7A04-019E-4E28-A1E7-77004F14827C} = {E40CA2AC-040B-4F30-A945-3EAFCA1DCB63}
		{5DF0ACEA-5576-48BF-A71C-73B37E211367} = {E40CA2AC-040B-4F30-A945-3EAFCA1DCB63}
	EndGlobalSection
	GlobalSection(ExtensibilityGlobals) = postSolution
		SolutionGuid = {4E7AB922-3126-4B64-A8FF-6025C2A993EA}
	EndGlobalSection
EndGlobal
